dependencies:
- name: app-template
  repository: https://bjw-s-labs.github.io/helm-charts
  version: 4.2.0
- name: redis
  repository: https://charts.bitnami.com/bitnami
  version: 22.0.7
- name: mariadb
  repository: https://charts.bitnami.com/bitnami
  version: 22.0.0
digest: sha256:428b97cf71c310b28e2fbf69b07200c43903141fcb25a5c13b69faa219e6c095
generated: "2025-09-08T14:59:30.678484106Z"
